
Microsoft Visual Studio Solution File, Format Version 12.00
# Visual Studio Version 16
VisualStudioVersion = 16.0.31005.135
MinimumVisualStudioVersion = 10.0.40219.1
Project("{FAE04EC0-301F-11D3-BF4B-00C04F79EFBC}") = "LibaryFinal", "LibaryFinal\LibaryFinal.csproj", "{574B875A-DF62-416F-B348-BCC4F920BCC4}"
EndProject
Project("{FAE04EC0-301F-11D3-BF4B-00C04F79EFBC}") = "Baza", "Baza\Baza.csproj", "{B3A2B1DE-8AE6-49AE-A143-1D1216469494}"
EndProject
Project("{FAE04EC0-301F-11D3-BF4B-00C04F79EFBC}") = "AccessClass", "AccessClass\AccessClass.csproj", "{0686C915-D644-48E1-A9EE-79FAAC00DF9E}"
EndProject
Global
	GlobalSection(SolutionConfigurationPlatforms) = preSolution
		Debug|Any CPU = Debug|Any CPU
		Release|Any CPU = Release|Any CPU
	EndGlobalSection
	GlobalSection(ProjectConfigurationPlatforms) = postSolution
		{574B875A-DF62-416F-B348-BCC4F920BCC4}.Debug|Any CPU.ActiveCfg = Debug|Any CPU
		{574B875A-DF62-416F-B348-BCC4F920BCC4}.Debug|Any CPU.Build.0 = Debug|Any CPU
		{574B875A-DF62-416F-B348-BCC4F920BCC4}.Release|Any CPU.ActiveCfg = Release|Any CPU
		{574B875A-DF62-416F-B348-BCC4F920BCC4}.Release|Any CPU.Build.0 = Release|Any CPU
		{B3A2B1DE-8AE6-49AE-A143-1D1216469494}.Debug|Any CPU.ActiveCfg = Debug|Any CPU
		{B3A2B1DE-8AE6-49AE-A143-1D1216469494}.Debug|Any CPU.Build.0 = Debug|Any CPU
		{B3A2B1DE-8AE6-49AE-A143-1D1216469494}.Release|Any CPU.ActiveCfg = Release|Any CPU
		{B3A2B1DE-8AE6-49AE-A143-1D1216469494}.Release|Any CPU.Build.0 = Release|Any CPU
		{0686C915-D644-48E1-A9EE-79FAAC00DF9E}.Debug|Any CPU.ActiveCfg = Debug|Any CPU
		{0686C915-D644-48E1-A9EE-79FAAC00DF9E}.Debug|Any CPU.Build.0 = Debug|Any CPU
		{0686C915-D644-48E1-A9EE-79FAAC00DF9E}.Release|Any CPU.ActiveCfg = Release|Any CPU
		{0686C915-D644-48E1-A9EE-79FAAC00DF9E}.Release|Any CPU.Build.0 = Release|Any CPU
	EndGlobalSection
	GlobalSection(SolutionProperties) = preSolution
		HideSolutionNode = FALSE
	EndGlobalSection
	GlobalSection(ExtensibilityGlobals) = postSolution
		SolutionGuid = {CC8EEF3C-A47B-4977-9C96-22164568C210}
	EndGlobalSection
EndGlobal
